// !$*UTF8*$!
{
	archiveVersion = 1;
	classes = {
	};
	objectVersion = 46;
	objects = {

/* Begin PBXBuildFile section */
		A1F97AED1B61064C009FA369 /* main.m in Sources */ = {isa = PBXBuildFile; fileRef = A1F97AEC1B61064C009FA369 /* main.m */; };
		A1F97AF01B61064C009FA369 /* AppDelegate.m in Sources */ = {isa = PBXBuildFile; fileRef = A1F97AEF1B61064C009FA369 /* AppDelegate.m */; };
		A1F97AF61B61064C009FA369 /* Main.storyboard in Resources */ = {isa = PBXBuildFile; fileRef = A1F97AF41B61064C009FA369 /* Main.storyboard */; };
		A1F97AF81B61064C009FA369 /* Images.xcassets in Resources */ = {isa = PBXBuildFile; fileRef = A1F97AF71B61064C009FA369 /* Images.xcassets */; };
		A1F97AFB1B61064C009FA369 /* LaunchScreen.xib in Resources */ = {isa = PBXBuildFile; fileRef = A1F97AF91B61064C009FA369 /* LaunchScreen.xib */; };
		A1F97B071B61064C009FA369 /* ICDragViewControllerTests.m in Sources */ = {isa = PBXBuildFile; fileRef = A1F97B061B61064C009FA369 /* ICDragViewControllerTests.m */; };
		A1F97B1C1B610819009FA369 /* UIView+ICExtension.m in Sources */ = {isa = PBXBuildFile; fileRef = A1F97B1B1B610819009FA369 /* UIView+ICExtension.m */; };
		A1F97B1F1B610A39009FA369 /* ICDragViewController.m in Sources */ = {isa = PBXBuildFile; fileRef = A1F97B1E1B610A39009FA369 /* ICDragViewController.m */; };
/* End PBXBuildFile section */

/* Begin PBXContainerItemProxy section */
		A1F97B011B61064C009FA369 /* PBXContainerItemProxy */ = {
			isa = PBXContainerItemProxy;
			containerPortal = A1F97ADF1B61064C009FA369 /* Project object */;
			proxyType = 1;
			remoteGlobalIDString = A1F97AE61B61064C009FA369;
			remoteInfo = ICDragViewController;
		};
/* End PBXContainerItemProxy section */

/* Begin PBXFileReference section */
		A1F97AE71B61064C009FA369 /* ICDragViewController.app */ = {isa = PBXFileReference; explicitFileType = wrapper.application; includeInIndex = 0; path = ICDragViewController.app; sourceTree = BUILT_PRODUCTS_DIR; };
		A1F97AEB1B61064C009FA369 /* Info.plist */ = {isa = PBXFileReference; lastKnownFileType = text.plist.xml; path = Info.plist; sourceTree = "<group>"; };
		A1F97AEC1B61064C009FA369 /* main.m */ = {isa = PBXFileReference; lastKnownFileType = sourcecode.c.objc; path = main.m; sourceTree = "<group>"; };
		A1F97AEE1B61064C009FA369 /* AppDelegate.h */ = {isa = PBXFileReference; lastKnownFileType = sourcecode.c.h; path = AppDelegate.h; sourceTree = "<group>"; };
		A1F97AEF1B61064C009FA369 /* AppDelegate.m */ = {isa = PBXFileReference; lastKnownFileType = sourcecode.c.objc; path = AppDelegate.m; sourceTree = "<group>"; };
		A1F97AF51B61064C009FA369 /* Base */ = {isa = PBXFileReference; lastKnownFileType = file.storyboard; name = Base; path = Base.lproj/Main.storyboard; sourceTree = "<group>"; };
		A1F97AF71B61064C009FA369 /* Images.xcassets */ = {isa = PBXFileReference; lastKnownFileType = folder.assetcatalog; path = Images.xcassets; sourceTree = "<group>"; };
		A1F97AFA1B61064C009FA369 /* Base */ = {isa = PBXFileReference; lastKnownFileType = file.xib; name = Base; path = Base.lproj/LaunchScreen.xib; sourceTree = "<group>"; };
		A1F97B001B61064C009FA369 /* ICDragViewControllerTests.xctest */ = {isa = PBXFileReference; explicitFileType = wrapper.cfbundle; includeInIndex = 0; path = ICDragViewControllerTests.xctest; sourceTree = BUILT_PRODUCTS_DIR; };
		A1F97B051B61064C009FA369 /* Info.plist */ = {isa = PBXFileReference; lastKnownFileType = text.plist.xml; path = Info.plist; sourceTree = "<group>"; };
		A1F97B061B61064C009FA369 /* ICDragViewControllerTests.m */ = {isa = PBXFileReference; lastKnownFileType = sourcecode.c.objc; path = ICDragViewControllerTests.m; sourceTree = "<group>"; };
		A1F97B1A1B610819009FA369 /* UIView+ICExtension.h */ = {isa = PBXFileReference; fileEncoding = 4; lastKnownFileType = sourcecode.c.h; path = "UIView+ICExtension.h"; sourceTree = "<group>"; };
		A1F97B1B1B610819009FA369 /* UIView+ICExtension.m */ = {isa = PBXFileReference; fileEncoding = 4; lastKnownFileType = sourcecode.c.objc; path = "UIView+ICExtension.m"; sourceTree = "<group>"; };
		A1F97B1D1B610A39009FA369 /* ICDragViewController.h */ = {isa = PBXFileReference; fileEncoding = 4; lastKnownFileType = sourcecode.c.h; path = ICDragViewController.h; sourceTree = "<group>"; };
		A1F97B1E1B610A39009FA369 /* ICDragViewController.m */ = {isa = PBXFileReference; fileEncoding = 4; lastKnownFileType = sourcecode.c.objc; path = ICDragViewController.m; sourceTree = "<group>"; };
/* End PBXFileReference section */

/* Begin PBXFrameworksBuildPhase section */
		A1F97AE41B61064C009FA369 /* Frameworks */ = {
			isa = PBXFrameworksBuildPhase;
			buildActionMask = 2147483647;
			files = (
			);
			runOnlyForDeploymentPostprocessing = 0;
		};
		A1F97AFD1B61064C009FA369 /* Frameworks */ = {
			isa = PBXFrameworksBuildPhase;
			buildActionMask = 2147483647;
			files = (
			);
			runOnlyForDeploymentPostprocessing = 0;
		};
/* End PBXFrameworksBuildPhase section */

/* Begin PBXGroup section */
		A1F97ADE1B61064C009FA369 = {
			isa = PBXGroup;
			children = (
				A1F97AE91B61064C009FA369 /* ICDragViewController */,
				A1F97B031B61064C009FA369 /* ICDragViewControllerTests */,
				A1F97AE81B61064C009FA369 /* Products */,
			);
			sourceTree = "<group>";
		};
		A1F97AE81B61064C009FA369 /* Products */ = {
			isa = PBXGroup;
			children = (
				A1F97AE71B61064C009FA369 /* ICDragViewController.app */,
				A1F97B001B61064C009FA369 /* ICDragViewControllerTests.xctest */,
			);
			name = Products;
			sourceTree = "<group>";
		};
		A1F97AE91B61064C009FA369 /* ICDragViewController */ = {
			isa = PBXGroup;
			children = (
				A1F97AEE1B61064C009FA369 /* AppDelegate.h */,
				A1F97B1A1B610819009FA369 /* UIView+ICExtension.h */,
				A1F97B1B1B610819009FA369 /* UIView+ICExtension.m */,
				A1F97AEF1B61064C009FA369 /* AppDelegate.m */,
				A1F97B1D1B610A39009FA369 /* ICDragViewController.h */,
				A1F97B1E1B610A39009FA369 /* ICDragViewController.m */,
				A1F97AF41B61064C009FA369 /* Main.storyboard */,
				A1F97AF71B61064C009FA369 /* Images.xcassets */,
				A1F97AF91B61064C009FA369 /* LaunchScreen.xib */,
				A1F97AEA1B61064C009FA369 /* Supporting Files */,
			);
			path = ICDragViewController;
			sourceTree = "<group>";
		};
		A1F97AEA1B61064C009FA369 /* Supporting Files */ = {
			isa = PBXGroup;
			children = (
				A1F97AEB1B61064C009FA369 /* Info.plist */,
				A1F97AEC1B61064C009FA369 /* main.m */,
			);
			name = "Supporting Files";
			sourceTree = "<group>";
		};
		A1F97B031B61064C009FA369 /* ICDragViewControllerTests */ = {
			isa = PBXGroup;
			children = (
				A1F97B061B61064C009FA369 /* ICDragViewControllerTests.m */,
				A1F97B041B61064C009FA369 /* Supporting Files */,
			);
			path = ICDragViewControllerTests;
			sourceTree = "<group>";
		};
		A1F97B041B61064C009FA369 /* Supporting Files */ = {
			isa = PBXGroup;
			children = (
				A1F97B051B61064C009FA369 /* Info.plist */,
			);
			name = "Supporting Files";
			sourceTree = "<group>";
		};
/* End PBXGroup section */

/* Begin PBXNativeTarget section */
		A1F97AE61B61064C009FA369 /* ICDragViewController */ = {
			isa = PBXNativeTarget;
			buildConfigurationList = A1F97B0A1B61064C009FA369 /* Build configuration list for PBXNativeTarget "ICDragViewController" */;
			buildPhases = (
				A1F97AE31B61064C009FA369 /* Sources */,
				A1F97AE41B61064C009FA369 /* Frameworks */,
				A1F97AE51B61064C009FA369 /* Resources */,
			);
			buildRules = (
			);
			dependencies = (
			);
			name = ICDragViewController;
			productName = ICDragViewController;
			productReference = A1F97AE71B61064C009FA369 /* ICDragViewController.app */;
			productType = "com.apple.product-type.application";
		};
		A1F97AFF1B61064C009FA369 /* ICDragViewControllerTests */ = {
			isa = PBXNativeTarget;
			buildConfigurationList = A1F97B0D1B61064C009FA369 /* Build configuration list for PBXNativeTarget "ICDragViewControllerTests" */;
			buildPhases = (
				A1F97AFC1B61064C009FA369 /* Sources */,
				A1F97AFD1B61064C009FA369 /* Frameworks */,
				A1F97AFE1B61064C009FA369 /* Resources */,
			);
			buildRules = (
			);
			dependencies = (
				A1F97B021B61064C009FA369 /* PBXTargetDependency */,
			);
			name = ICDragViewControllerTests;
			productName = ICDragViewControllerTests;
			productReference = A1F97B001B61064C009FA369 /* ICDragViewControllerTests.xctest */;
			productType = "com.apple.product-type.bundle.unit-test";
		};
/* End PBXNativeTarget section */

/* Begin PBXProject section */
		A1F97ADF1B61064C009FA369 /* Project object */ = {
			isa = PBXProject;
			attributes = {
				LastUpgradeCheck = 0630;
				ORGANIZATIONNAME = "andy ";
				TargetAttributes = {
					A1F97AE61B61064C009FA369 = {
						CreatedOnToolsVersion = 6.3.1;
					};
					A1F97AFF1B61064C009FA369 = {
						CreatedOnToolsVersion = 6.3.1;
						TestTargetID = A1F97AE61B61064C009FA369;
					};
				};
			};
			buildConfigurationList = A1F97AE21B61064C009FA369 /* Build configuration list for PBXProject "ICDragViewController" */;
			compatibilityVersion = "Xcode 3.2";
			developmentRegion = English;
			hasScannedForEncodings = 0;
			knownRegions = (
				en,
				Base,
			);
			mainGroup = A1F97ADE1B61064C009FA369;
			productRefGroup = A1F97AE81B61064C009FA369 /* Products */;
			projectDirPath = "";
			projectRoot = "";
			targets = (
				A1F97AE61B61064C009FA369 /* ICDragViewController */,
				A1F97AFF1B61064C009FA369 /* ICDragViewControllerTests */,
			);
		};
/* End PBXProject section */

/* Begin PBXResourcesBuildPhase section */
		A1F97AE51B61064C009FA369 /* Resources */ = {
			isa = PBXResourcesBuildPhase;
			buildActionMask = 2147483647;
			files = (
				A1F97AF61B61064C009FA369 /* Main.storyboard in Resources */,
				A1F97AFB1B61064C009FA369 /* LaunchScreen.xib in Resources */,
				A1F97AF81B61064C009FA369 /* Images.xcassets in Resources */,
			);
			runOnlyForDeploymentPostprocessing = 0;
		};
		A1F97AFE1B61064C009FA369 /* Resources */ = {
			isa = PBXResourcesBuildPhase;
			buildActionMask = 2147483647;
			files = (
			);
			runOnlyForDeploymentPostprocessing = 0;
		};
/* End PBXResourcesBuildPhase section */

/* Begin PBXSourcesBuildPhase section */
		A1F97AE31B61064C009FA369 /* Sources */ = {
			isa = PBXSourcesBuildPhase;
			buildActionMask = 2147483647;
			files = (
				A1F97B1C1B610819009FA369 /* UIView+ICExtension.m in Sources */,
				A1F97AF01B61064C009FA369 /* AppDelegate.m in Sources */,
				A1F97AED1B61064C009FA369 /* main.m in Sources */,
				A1F97B1F1B610A39009FA369 /* ICDragViewController.m in Sources */,
			);
			runOnlyForDeploymentPostprocessing = 0;
		};
		A1F97AFC1B61064C009FA369 /* Sources */ = {
			isa = PBXSourcesBuildPhase;
			buildActionMask = 2147483647;
			files = (
				A1F97B071B61064C009FA369 /* ICDragViewControllerTests.m in Sources */,
			);
			runOnlyForDeploymentPostprocessing = 0;
		};
/* End PBXSourcesBuildPhase section */

/* Begin PBXTargetDependency section */
		A1F97B021B61064C009FA369 /* PBXTargetDependency */ = {
			isa = PBXTargetDependency;
			target = A1F97AE61B61064C009FA369 /* ICDragViewController */;
			targetProxy = A1F97B011B61064C009FA369 /* PBXContainerItemProxy */;
		};
/* End PBXTargetDependency section */

/* Begin PBXVariantGroup section */
		A1F97AF41B61064C009FA369 /* Main.storyboard */ = {
			isa = PBXVariantGroup;
			children = (
				A1F97AF51B61064C009FA369 /* Base */,
			);
			name = Main.storyboard;
			sourceTree = "<group>";
		};
		A1F97AF91B61064C009FA369 /* LaunchScreen.xib */ = {
			isa = PBXVariantGroup;
			children = (
				A1F97AFA1B61064C009FA369 /* Base */,
			);
			name = LaunchScreen.xib;
			sourceTree = "<group>";
		};
/* End PBXVariantGroup section */

/* Begin XCBuildConfiguration section */
		A1F97B081B61064C009FA369 /* Debug */ = {
			isa = XCBuildConfiguration;
			buildSettings = {
				ALWAYS_SEARCH_USER_PATHS = NO;
				CLANG_CXX_LANGUAGE_STANDARD = "gnu++0x";
				CLANG_CXX_LIBRARY = "libc++";
				CLANG_ENABLE_MODULES = YES;
				CLANG_ENABLE_OBJC_ARC = YES;
				CLANG_WARN_BOOL_CONVERSION = YES;
				CLANG_WARN_CONSTANT_CONVERSION = YES;
				CLANG_WARN_DIRECT_OBJC_ISA_USAGE = YES_ERROR;
				CLANG_WARN_EMPTY_BODY = YES;
				CLANG_WARN_ENUM_CONVERSION = YES;
				CLANG_WARN_INT_CONVERSION = YES;
				CLANG_WARN_OBJC_ROOT_CLASS = YES_ERROR;
				CLANG_WARN_UNREACHABLE_CODE = YES;
				CLANG_WARN__DUPLICATE_METHOD_MATCH = YES;
				"CODE_SIGN_IDENTITY[sdk=iphoneos*]" = "iPhone Developer";
				COPY_PHASE_STRIP = NO;
				DEBUG_INFORMATION_FORMAT = "dwarf-with-dsym";
				ENABLE_STRICT_OBJC_MSGSEND = YES;
				GCC_C_LANGUAGE_STANDARD = gnu99;
				GCC_DYNAMIC_NO_PIC = NO;
				GCC_NO_COMMON_BLOCKS = YES;
				GCC_OPTIMIZATION_LEVEL = 0;
				GCC_PREPROCESSOR_DEFINITIONS = (
					"DEBUG=1",
					"$(inherited)",
				);
				GCC_SYMBOLS_PRIVATE_EXTERN = NO;
				GCC_WARN_64_TO_32_BIT_CONVERSION = YES;
				GCC_WARN_ABOUT_RETURN_TYPE = YES_ERROR;
				GCC_WARN_UNDECLARED_SELECTOR = YES;
				GCC_WARN_UNINITIALIZED_AUTOS = YES_AGGRESSIVE;
				GCC_WARN_UNUSED_FUNCTION = YES;
				GCC_WARN_UNUSED_VARIABLE = YES;
				IPHONEOS_DEPLOYMENT_TARGET = 8.3;
				MTL_ENABLE_DEBUG_INFO = YES;
				ONLY_ACTIVE_ARCH = YES;
				SDKROOT = iphoneos;
			};
			name = Debug;
		};
		A1F97B091B61064C009FA369 /* Release */ = {
			isa = XCBuildConfiguration;
			buildSettings = {
				ALWAYS_SEARCH_USER_PATHS = NO;
				CLANG_CXX_LANGUAGE_STANDARD = "gnu++0x";
				CLANG_CXX_LIBRARY = "libc++";
				CLANG_ENABLE_MODULES = YES;
				CLANG_ENABLE_OBJC_ARC = YES;
				CLANG_WARN_BOOL_CONVERSION = YES;
				CLANG_WARN_CONSTANT_CONVERSION = YES;
				CLANG_WARN_DIRECT_OBJC_ISA_USAGE = YES_ERROR;
				CLANG_WARN_EMPTY_BODY = YES;
				CLANG_WARN_ENUM_CONVERSION = YES;
				CLANG_WARN_INT_CONVERSION = YES;
				CLANG_WARN_OBJC_ROOT_CLASS = YES_ERROR;
				CLANG_WARN_UNREACHABLE_CODE = YES;
				CLANG_WARN__DUPLICATE_METHOD_MATCH = YES;
				"CODE_SIGN_IDENTITY[sdk=iphoneos*]" = "iPhone Developer";
				COPY_PHASE_STRIP = NO;
				DEBUG_INFORMATION_FORMAT = "dwarf-with-dsym";
				ENABLE_NS_ASSERTIONS = NO;
				ENABLE_STRICT_OBJC_MSGSEND = YES;
				GCC_C_LANGUAGE_STANDARD = gnu99;
				GCC_NO_COMMON_BLOCKS = YES;
				GCC_WARN_64_TO_32_BIT_CONVERSION = YES;
				GCC_WARN_ABOUT_RETURN_TYPE = YES_ERROR;
				GCC_WARN_UNDECLARED_SELECTOR = YES;
				GCC_WARN_UNINITIALIZED_AUTOS = YES_AGGRESSIVE;
				GCC_WARN_UNUSED_FUNCTION = YES;
				GCC_WARN_UNUSED_VARIABLE = YES;
				IPHONEOS_DEPLOYMENT_TARGET = 8.3;
				MTL_ENABLE_DEBUG_INFO = NO;
				SDKROOT = iphoneos;
				VALIDATE_PRODUCT = YES;
			};
			name = Release;
		};
		A1F97B0B1B61064C009FA369 /* Debug */ = {
			isa = XCBuildConfiguration;
			buildSettings = {
				ASSETCATALOG_COMPILER_APPICON_NAME = AppIcon;
				INFOPLIST_FILE = ICDragViewController/Info.plist;
				LD_RUNPATH_SEARCH_PATHS = "$(inherited) @executable_path/Frameworks";
				PRODUCT_NAME = "$(TARGET_NAME)";
			};
			name = Debug;
		};
		A1F97B0C1B61064C009FA369 /* Release */ = {
			isa = XCBuildConfiguration;
			buildSettings = {
				ASSETCATALOG_COMPILER_APPICON_NAME = AppIcon;
				INFOPLIST_FILE = ICDragViewController/Info.plist;
				LD_RUNPATH_SEARCH_PATHS = "$(inherited) @executable_path/Frameworks";
				PRODUCT_NAME = "$(TARGET_NAME)";
			};
			name = Release;
		};
		A1F97B0E1B61064C009FA369 /* Debug */ = {
			isa = XCBuildConfiguration;
			buildSettings = {
				BUNDLE_LOADER = "$(TEST_HOST)";
				FRAMEWORK_SEARCH_PATHS = (
					"$(SDKROOT)/Developer/Library/Frameworks",
					"$(inherited)",
				);
				GCC_PREPROCESSOR_DEFINITIONS = (
					"DEBUG=1",
					"$(inherited)",
				);
				INFOPLIST_FILE = ICDragViewControllerTests/Info.plist;
				LD_RUNPATH_SEARCH_PATHS = "$(inherited) @executable_path/Frameworks @loader_path/Frameworks";
				PRODUCT_NAME = "$(TARGET_NAME)";
				TEST_HOST = "$(BUILT_PRODUCTS_DIR)/ICDragViewController.app/ICDragViewController";
			};
			name = Debug;
		};
		A1F97B0F1B61064C009FA369 /* Release */ = {
			isa = XCBuildConfiguration;
			buildSettings = {
				BUNDLE_LOADER = "$(TEST_HOST)";
				FRAMEWORK_SEARCH_PATHS = (
					"$(SDKROOT)/Developer/Library/Frameworks",
					"$(inherited)",
				);
				INFOPLIST_FILE = ICDragViewControllerTests/Info.plist;
				LD_RUNPATH_SEARCH_PATHS = "$(inherited) @executable_path/Frameworks @loader_path/Frameworks";
				PRODUCT_NAME = "$(TARGET_NAME)";
				TEST_HOST = "$(BUILT_PRODUCTS_DIR)/ICDragViewController.app/ICDragViewController";
			};
			name = Release;
		};
/* End XCBuildConfiguration section */

/* Begin XCConfigurationList section */
		A1F97AE21B61064C009FA369 /* Build configuration list for PBXProject "ICDragViewController" */ = {
			isa = XCConfigurationList;
			buildConfigurations = (
				A1F97B081B61064C009FA369 /* Debug */,
				A1F97B091B61064C009FA369 /* Release */,
			);
			defaultConfigurationIsVisible = 0;
			defaultConfigurationName = Release;
		};
		A1F97B0A1B61064C009FA369 /* Build configuration list for PBXNativeTarget "ICDragViewController" */ = {
			isa = XCConfigurationList;
			buildConfigurations = (
				A1F97B0B1B61064C009FA369 /* Debug */,
				A1F97B0C1B61064C009FA369 /* Release */,
			);
			defaultConfigurationIsVisible = 0;
		};
		A1F97B0D1B61064C009FA369 /* Build configuration list for PBXNativeTarget "ICDragViewControllerTests" */ = {
			isa = XCConfigurationList;
			buildConfigurations = (
				A1F97B0E1B61064C009FA369 /* Debug */,
				A1F97B0F1B61064C009FA369 /* Release */,
			);
			defaultConfigurationIsVisible = 0;
		};
/* End XCConfigurationList section */
	};
	rootObject = A1F97ADF1B61064C009FA369 /* Project object */;
}
